
Microsoft Visual Studio Solution File, Format Version 12.00
# Visual Studio Version 16
VisualStudioVersion = 16.0.29613.14
MinimumVisualStudioVersion = 10.0.40219.1
Project("{FAE04EC0-301F-11D3-BF4B-00C04F79EFBC}") = "Store", "Store\Store.csproj", "{11BA6671-B5F3-4189-8725-4B839E46D94C}"
EndProject
Global
	GlobalSection(SolutionConfigurationPlatforms) = preSolution
		Debug|Any CPU = Debug|Any CPU
		Release|Any CPU = Release|Any CPU
	EndGlobalSection
	GlobalSection(ProjectConfigurationPlatforms) = postSolution
		{11BA6671-B5F3-4189-8725-4B839E46D94C}.Debug|Any CPU.ActiveCfg = Debug|Any CPU
		{11BA6671-B5F3-4189-8725-4B839E46D94C}.Debug|Any CPU.Build.0 = Debug|Any CPU
		{11BA6671-B5F3-4189-8725-4B839E46D94C}.Release|Any CPU.ActiveCfg = Release|Any CPU
		{11BA6671-B5F3-4189-8725-4B839E46D94C}.Release|Any CPU.Build.0 = Release|Any CPU
	EndGlobalSection
	GlobalSection(SolutionProperties) = preSolution
		HideSolutionNode = FALSE
	EndGlobalSection
	GlobalSection(ExtensibilityGlobals) = postSolution
		SolutionGuid = {954652E7-F788-4650-AB2A-DFF721B35E11}
	EndGlobalSection
EndGlobal
